
Microsoft Visual Studio Solution File, Format Version 12.00
# Visual Studio Version 16
VisualStudioVersion = 16.0.30523.141
MinimumVisualStudioVersion = 10.0.40219.1
Project("{FAE04EC0-301F-11D3-BF4B-00C04F79EFBC}") = "ProvideTime", "ClsCompliant2\ProvideTime.csproj", "{6027DEB7-1D39-407D-AF5E-3EA3DBB916DC}"
EndProject
Project("{F184B08F-C81C-45F6-A57F-5ABD9991F28F}") = "VbNetForm", "ClsCompliant1\VbNetForm.vbproj", "{32BCD434-DFFB-4B1E-B901-6D96B731367B}"
EndProject
Project("{FAE04EC0-301F-11D3-BF4B-00C04F79EFBC}") = "Hello World", "Hello World\Hello World.csproj", "{E73C974A-8633-4E32-A66D-9E6CB6132701}"
EndProject
Project("{2150E333-8FDC-42A3-9474-1A3956D46DE8}") = "_", "_", "{A5158223-23BF-4A0A-B585-C0590358A37F}"
	ProjectSection(SolutionItems) = preProject
		ReadMe.txt = ReadMe.txt
	EndProjectSection
EndProject
Project("{2150E333-8FDC-42A3-9474-1A3956D46DE8}") = "00", "00", "{9BE0441B-2970-41C8-A972-A3BA9C107839}"
EndProject
Project("{2150E333-8FDC-42A3-9474-1A3956D46DE8}") = "02 JIT Compiler i pozivi metoda", "02 JIT Compiler i pozivi metoda", "{7284536B-7521-483A-A1B6-3E0958225DDF}"
EndProject
Project("{2150E333-8FDC-42A3-9474-1A3956D46DE8}") = "03 ClsCompliant", "03 ClsCompliant", "{E7DB61FB-01BD-4C30-BD1E-51FBED1BBD3B}"
EndProject
Project("{FAE04EC0-301F-11D3-BF4B-00C04F79EFBC}") = "Pozivi metoda", "Pozivi metoda\Pozivi metoda.csproj", "{FA5C358B-80E8-406A-952F-75E4954E0F59}"
EndProject
Project("{2150E333-8FDC-42A3-9474-1A3956D46DE8}") = "01 CIL kod", "01 CIL kod", "{981689EF-352B-4D1A-A386-602C66244AEB}"
EndProject
Project("{F184B08F-C81C-45F6-A57F-5ABD9991F28F}") = "VbNetConsole", "VbNetConsole\VbNetConsole.vbproj", "{525FB458-4751-4CBA-8D99-17D7C2B7B8A5}"
EndProject
Project("{FAE04EC0-301F-11D3-BF4B-00C04F79EFBC}") = "CSharpConsole", "CSharpConsole\CSharpConsole.csproj", "{DE3C732C-7F8C-4EC0-BC59-CA94B1E9D9EF}"
EndProject
Global
	GlobalSection(SolutionConfigurationPlatforms) = preSolution
		Debug|Any CPU = Debug|Any CPU
		Release|Any CPU = Release|Any CPU
	EndGlobalSection
	GlobalSection(ProjectConfigurationPlatforms) = postSolution
		{6027DEB7-1D39-407D-AF5E-3EA3DBB916DC}.Debug|Any CPU.ActiveCfg = Debug|Any CPU
		{6027DEB7-1D39-407D-AF5E-3EA3DBB916DC}.Debug|Any CPU.Build.0 = Debug|Any CPU
		{6027DEB7-1D39-407D-AF5E-3EA3DBB916DC}.Release|Any CPU.ActiveCfg = Release|Any CPU
		{6027DEB7-1D39-407D-AF5E-3EA3DBB916DC}.Release|Any CPU.Build.0 = Release|Any CPU
		{32BCD434-DFFB-4B1E-B901-6D96B731367B}.Debug|Any CPU.ActiveCfg = Debug|Any CPU
		{32BCD434-DFFB-4B1E-B901-6D96B731367B}.Debug|Any CPU.Build.0 = Debug|Any CPU
		{32BCD434-DFFB-4B1E-B901-6D96B731367B}.Release|Any CPU.ActiveCfg = Release|Any CPU
		{32BCD434-DFFB-4B1E-B901-6D96B731367B}.Release|Any CPU.Build.0 = Release|Any CPU
		{E73C974A-8633-4E32-A66D-9E6CB6132701}.Debug|Any CPU.ActiveCfg = Debug|Any CPU
		{E73C974A-8633-4E32-A66D-9E6CB6132701}.Debug|Any CPU.Build.0 = Debug|Any CPU
		{E73C974A-8633-4E32-A66D-9E6CB6132701}.Release|Any CPU.ActiveCfg = Release|Any CPU
		{E73C974A-8633-4E32-A66D-9E6CB6132701}.Release|Any CPU.Build.0 = Release|Any CPU
		{FA5C358B-80E8-406A-952F-75E4954E0F59}.Debug|Any CPU.ActiveCfg = Debug|Any CPU
		{FA5C358B-80E8-406A-952F-75E4954E0F59}.Debug|Any CPU.Build.0 = Debug|Any CPU
		{FA5C358B-80E8-406A-952F-75E4954E0F59}.Release|Any CPU.ActiveCfg = Release|Any CPU
		{FA5C358B-80E8-406A-952F-75E4954E0F59}.Release|Any CPU.Build.0 = Release|Any CPU
		{525FB458-4751-4CBA-8D99-17D7C2B7B8A5}.Debug|Any CPU.ActiveCfg = Debug|Any CPU
		{525FB458-4751-4CBA-8D99-17D7C2B7B8A5}.Debug|Any CPU.Build.0 = Debug|Any CPU
		{525FB458-4751-4CBA-8D99-17D7C2B7B8A5}.Release|Any CPU.ActiveCfg = Release|Any CPU
		{525FB458-4751-4CBA-8D99-17D7C2B7B8A5}.Release|Any CPU.Build.0 = Release|Any CPU
		{DE3C732C-7F8C-4EC0-BC59-CA94B1E9D9EF}.Debug|Any CPU.ActiveCfg = Debug|Any CPU
		{DE3C732C-7F8C-4EC0-BC59-CA94B1E9D9EF}.Debug|Any CPU.Build.0 = Debug|Any CPU
		{DE3C732C-7F8C-4EC0-BC59-CA94B1E9D9EF}.Release|Any CPU.ActiveCfg = Release|Any CPU
		{DE3C732C-7F8C-4EC0-BC59-CA94B1E9D9EF}.Release|Any CPU.Build.0 = Release|Any CPU
	EndGlobalSection
	GlobalSection(SolutionProperties) = preSolution
		HideSolutionNode = FALSE
	EndGlobalSection
	GlobalSection(NestedProjects) = preSolution
		{6027DEB7-1D39-407D-AF5E-3EA3DBB916DC} = {E7DB61FB-01BD-4C30-BD1E-51FBED1BBD3B}
		{32BCD434-DFFB-4B1E-B901-6D96B731367B} = {E7DB61FB-01BD-4C30-BD1E-51FBED1BBD3B}
		{E73C974A-8633-4E32-A66D-9E6CB6132701} = {9BE0441B-2970-41C8-A972-A3BA9C107839}
		{FA5C358B-80E8-406A-952F-75E4954E0F59} = {7284536B-7521-483A-A1B6-3E0958225DDF}
		{525FB458-4751-4CBA-8D99-17D7C2B7B8A5} = {7284536B-7521-483A-A1B6-3E0958225DDF}
		{DE3C732C-7F8C-4EC0-BC59-CA94B1E9D9EF} = {981689EF-352B-4D1A-A386-602C66244AEB}
	EndGlobalSection
	GlobalSection(ExtensibilityGlobals) = postSolution
		SolutionGuid = {5B651F1C-A6F7-43EC-9581-E81B3BDBC096}
	EndGlobalSection
EndGlobal
